
Microsoft Visual Studio Solution File, Format Version 12.00
# Visual Studio Express 15 for Windows Desktop
VisualStudioVersion = 15.0.28307.271
MinimumVisualStudioVersion = 10.0.40219.1
Project("{8BC9CEB8-8B4A-11D0-8D11-00A0C91BC942}") = "tetris", "tetris\tetris.vcxproj", "{C6207D80-507B-4BF3-9AA9-CFCFD3CED199}"
EndProject
Global
	GlobalSection(SolutionConfigurationPlatforms) = preSolution
		Debug|x64 = Debug|x64
		Debug|x86 = Debug|x86
		Release|x64 = Release|x64
		Release|x86 = Release|x86
	EndGlobalSection
	GlobalSection(ProjectConfigurationPlatforms) = postSolution
		{C6207D80-507B-4BF3-9AA9-CFCFD3CED199}.Debug|x64.ActiveCfg = Debug|x64
		{C6207D80-507B-4BF3-9AA9-CFCFD3CED199}.Debug|x64.Build.0 = Debug|x64
		{C6207D80-507B-4BF3-9AA9-CFCFD3CED199}.Debug|x86.ActiveCfg = Debug|Win32
		{C6207D80-507B-4BF3-9AA9-CFCFD3CED199}.Debug|x86.Build.0 = Debug|Win32
		{C6207D80-507B-4BF3-9AA9-CFCFD3CED199}.Release|x64.ActiveCfg = Release|x64
		{C6207D80-507B-4BF3-9AA9-CFCFD3CED199}.Release|x64.Build.0 = Release|x64
		{C6207D80-507B-4BF3-9AA9-CFCFD3CED199}.Release|x86.ActiveCfg = Release|Win32
		{C6207D80-507B-4BF3-9AA9-CFCFD3CED199}.Release|x86.Build.0 = Release|Win32
	EndGlobalSection
	GlobalSection(SolutionProperties) = preSolution
		HideSolutionNode = FALSE
	EndGlobalSection
	GlobalSection(ExtensibilityGlobals) = postSolution
		SolutionGuid = {8988A657-75AF-44FB-9C0E-5968D6FD8310}
	EndGlobalSection
EndGlobal
