
Microsoft Visual Studio Solution File, Format Version 12.00
# Visual Studio Express 15 for Windows Desktop
VisualStudioVersion = 15.0.28307.271
MinimumVisualStudioVersion = 10.0.40219.1
Project("{8BC9CEB8-8B4A-11D0-8D11-00A0C91BC942}") = "matrix_addition", "matrix_addition\matrix_addition.vcxproj", "{6C4D4A0C-B1EA-4B26-9FFB-40AD42B0A95B}"
EndProject
Global
	GlobalSection(SolutionConfigurationPlatforms) = preSolution
		Debug|x64 = Debug|x64
		Debug|x86 = Debug|x86
		Release|x64 = Release|x64
		Release|x86 = Release|x86
	EndGlobalSection
	GlobalSection(ProjectConfigurationPlatforms) = postSolution
		{6C4D4A0C-B1EA-4B26-9FFB-40AD42B0A95B}.Debug|x64.ActiveCfg = Debug|x64
		{6C4D4A0C-B1EA-4B26-9FFB-40AD42B0A95B}.Debug|x64.Build.0 = Debug|x64
		{6C4D4A0C-B1EA-4B26-9FFB-40AD42B0A95B}.Debug|x86.ActiveCfg = Debug|Win32
		{6C4D4A0C-B1EA-4B26-9FFB-40AD42B0A95B}.Debug|x86.Build.0 = Debug|Win32
		{6C4D4A0C-B1EA-4B26-9FFB-40AD42B0A95B}.Release|x64.ActiveCfg = Release|x64
		{6C4D4A0C-B1EA-4B26-9FFB-40AD42B0A95B}.Release|x64.Build.0 = Release|x64
		{6C4D4A0C-B1EA-4B26-9FFB-40AD42B0A95B}.Release|x86.ActiveCfg = Release|Win32
		{6C4D4A0C-B1EA-4B26-9FFB-40AD42B0A95B}.Release|x86.Build.0 = Release|Win32
	EndGlobalSection
	GlobalSection(SolutionProperties) = preSolution
		HideSolutionNode = FALSE
	EndGlobalSection
	GlobalSection(ExtensibilityGlobals) = postSolution
		SolutionGuid = {1FA388AB-5B56-47F6-A737-A73A35B2E366}
	EndGlobalSection
EndGlobal
